
Microsoft Visual Studio Solution File, Format Version 12.00
# Visual Studio Version 17
VisualStudioVersion = 17.0.31903.59
MinimumVisualStudioVersion = 10.0.40219.1
Project("{FAE04EC0-301F-11D3-BF4B-00C04F79EFBC}") = "RightSize", "RightSize\RightSize.csproj", "{43190B32-9277-49D2-98B2-8A2F1D547D8F}"
EndProject
Project("{FAE04EC0-301F-11D3-BF4B-00C04F79EFBC}") = "ChangeString", "ChangeString\ChangeString.csproj", "{DE1A5659-7BD6-485E-ABC4-7175F39E35C3}"
EndProject
Project("{FAE04EC0-301F-11D3-BF4B-00C04F79EFBC}") = "ArrayMult", "ArrayMult\ArrayMult.csproj", "{F4FC1807-2AFC-4C4A-9EE6-2CA5BB0B9D12}"
EndProject
Project("{FAE04EC0-301F-11D3-BF4B-00C04F79EFBC}") = "HeroPerks", "HeroPerks\HeroPerks.csproj", "{FF1B40F9-8930-404F-83D8-F94D67F6F145}"
EndProject
Project("{FAE04EC0-301F-11D3-BF4B-00C04F79EFBC}") = "PowTwoUntil", "PowTwoUntil\PowTwoUntil.csproj", "{CA57D661-B27B-4548-895D-0D354A2047EC}"
EndProject
Global
	GlobalSection(SolutionConfigurationPlatforms) = preSolution
		Debug|Any CPU = Debug|Any CPU
		Release|Any CPU = Release|Any CPU
	EndGlobalSection
	GlobalSection(SolutionProperties) = preSolution
		HideSolutionNode = FALSE
	EndGlobalSection
	GlobalSection(ProjectConfigurationPlatforms) = postSolution
		{43190B32-9277-49D2-98B2-8A2F1D547D8F}.Debug|Any CPU.ActiveCfg = Debug|Any CPU
		{43190B32-9277-49D2-98B2-8A2F1D547D8F}.Debug|Any CPU.Build.0 = Debug|Any CPU
		{43190B32-9277-49D2-98B2-8A2F1D547D8F}.Release|Any CPU.ActiveCfg = Release|Any CPU
		{43190B32-9277-49D2-98B2-8A2F1D547D8F}.Release|Any CPU.Build.0 = Release|Any CPU
		{DE1A5659-7BD6-485E-ABC4-7175F39E35C3}.Debug|Any CPU.ActiveCfg = Debug|Any CPU
		{DE1A5659-7BD6-485E-ABC4-7175F39E35C3}.Debug|Any CPU.Build.0 = Debug|Any CPU
		{DE1A5659-7BD6-485E-ABC4-7175F39E35C3}.Release|Any CPU.ActiveCfg = Release|Any CPU
		{DE1A5659-7BD6-485E-ABC4-7175F39E35C3}.Release|Any CPU.Build.0 = Release|Any CPU
		{F4FC1807-2AFC-4C4A-9EE6-2CA5BB0B9D12}.Debug|Any CPU.ActiveCfg = Debug|Any CPU
		{F4FC1807-2AFC-4C4A-9EE6-2CA5BB0B9D12}.Debug|Any CPU.Build.0 = Debug|Any CPU
		{F4FC1807-2AFC-4C4A-9EE6-2CA5BB0B9D12}.Release|Any CPU.ActiveCfg = Release|Any CPU
		{F4FC1807-2AFC-4C4A-9EE6-2CA5BB0B9D12}.Release|Any CPU.Build.0 = Release|Any CPU
		{FF1B40F9-8930-404F-83D8-F94D67F6F145}.Debug|Any CPU.ActiveCfg = Debug|Any CPU
		{FF1B40F9-8930-404F-83D8-F94D67F6F145}.Debug|Any CPU.Build.0 = Debug|Any CPU
		{FF1B40F9-8930-404F-83D8-F94D67F6F145}.Release|Any CPU.ActiveCfg = Release|Any CPU
		{FF1B40F9-8930-404F-83D8-F94D67F6F145}.Release|Any CPU.Build.0 = Release|Any CPU
		{CA57D661-B27B-4548-895D-0D354A2047EC}.Debug|Any CPU.ActiveCfg = Debug|Any CPU
		{CA57D661-B27B-4548-895D-0D354A2047EC}.Debug|Any CPU.Build.0 = Debug|Any CPU
		{CA57D661-B27B-4548-895D-0D354A2047EC}.Release|Any CPU.ActiveCfg = Release|Any CPU
		{CA57D661-B27B-4548-895D-0D354A2047EC}.Release|Any CPU.Build.0 = Release|Any CPU
	EndGlobalSection
EndGlobal
